{
    "name": "gulp-rev-cto",
    "version": "0.0.1",
    "lockfileVersion": 1,
    "requires": true,
    "dependencies": {
        "ansi-colors": {
            "version": "1.1.0",
            "resolved": "https://registry.npmjs.org/ansi-colors/-/ansi-colors-1.1.0.tgz",
            "integrity": "sha512-SFKX67auSNoVR38N3L+nvsPjOE0bybKTYbkf5tRvushrAPQ9V75huw0ZxBkKVeRU9kqH3d6HA4xTckbwZ4ixmA==",
            "requires": {
                "ansi-wrap": "^0.1.0"
            }
        },
        "ansi-wrap": {
            "version": "0.1.0",
            "resolved": "https://registry.npmjs.org/ansi-wrap/-/ansi-wrap-0.1.0.tgz",
            "integrity": "sha1-qCJQ3bABXponyoLoLqYDu/pF768="
        },
        "arr-diff": {
            "version": "4.0.0",
            "resolved": "https://registry.npmjs.org/arr-diff/-/arr-diff-4.0.0.tgz",
            "integrity": "sha1-1kYQdP6/7HHn4VI1dhoyml3HxSA="
        },
        "arr-union": {
            "version": "3.1.0",
            "resolved": "https://registry.npmjs.org/arr-union/-/arr-union-3.1.0.tgz",
            "integrity": "sha1-45sJrqne+Gao8gbiiK9jkZuuOcQ="
        },
        "assign-symbols": {
            "version": "1.0.0",
            "resolved": "https://registry.npmjs.org/assign-symbols/-/assign-symbols-1.0.0.tgz",
            "integrity": "sha1-WWZ/QfrdTyDMvCu5a41Pf3jsA2c="
        },
        "clone": {
            "version": "2.1.2",
            "resolved": "https://registry.npmjs.org/clone/-/clone-2.1.2.tgz",
            "integrity": "sha1-G39Ln1kfHo+DZwQBYANFoCiHQ18="
        },
        "clone-buffer": {
            "version": "1.0.0",
            "resolved": "https://registry.npmjs.org/clone-buffer/-/clone-buffer-1.0.0.tgz",
            "integrity": "sha1-4+JbIHrE5wGvch4staFnksrD3Fg="
        },
        "clone-stats": {
            "version": "1.0.0",
            "resolved": "https://registry.npmjs.org/clone-stats/-/clone-stats-1.0.0.tgz",
            "integrity": "sha1-s3gt/4u1R04Yuba/D9/ngvh3doA="
        },
        "cloneable-readable": {
            "version": "1.1.3",
            "resolved": "https://registry.npmjs.org/cloneable-readable/-/cloneable-readable-1.1.3.tgz",
            "integrity": "sha512-2EF8zTQOxYq70Y4XKtorQupqF0m49MBz2/yf5Bj+MHjvpG3Hy7sImifnqD6UA+TKYxeSV+u6qqQPawN5UvnpKQ==",
            "requires": {
                "inherits": "^2.0.1",
                "process-nextick-args": "^2.0.0",
                "readable-stream": "^2.3.5"
            }
        },
        "core-util-is": {
            "version": "1.0.3",
            "resolved": "https://registry.npmjs.org/core-util-is/-/core-util-is-1.0.3.tgz",
            "integrity": "sha512-ZQBvi1DcpJ4GDqanjucZ2Hj3wEO5pZDS89BWbkcrvdxksJorwUDDZamX9ldFkp9aw2lmBDLgkObEA4DWNJ9FYQ=="
        },
        "extend-shallow": {
            "version": "3.0.2",
            "resolved": "https://registry.npmjs.org/extend-shallow/-/extend-shallow-3.0.2.tgz",
            "integrity": "sha1-Jqcarwc7OfshJxcnRhMcJwQCjbg=",
            "requires": {
                "assign-symbols": "^1.0.0",
                "is-extendable": "^1.0.1"
            }
        },
        "first-chunk-stream": {
            "version": "2.0.0",
            "resolved": "https://registry.npmjs.org/first-chunk-stream/-/first-chunk-stream-2.0.0.tgz",
            "integrity": "sha1-G97NuOCDwGZLkZRVgVd6Q6nzHXA=",
            "requires": {
                "readable-stream": "^2.0.2"
            }
        },
        "graceful-fs": {
            "version": "4.2.10",
            "resolved": "https://registry.npmjs.org/graceful-fs/-/graceful-fs-4.2.10.tgz",
            "integrity": "sha512-9ByhssR2fPVsNZj478qUUbKfmL0+t5BDVyjShtyZZLiK7ZDAArFFfopyOTj0M05wE2tJPisA4iTnnXl2YoPvOA=="
        },
        "inherits": {
            "version": "2.0.4",
            "resolved": "https://registry.npmjs.org/inherits/-/inherits-2.0.4.tgz",
            "integrity": "sha512-k/vGaX4/Yla3WzyMCvTQOXYeIHvqOKtnqBduzTHpzpQZzAskKMhZ2K+EnBiSM9zGSoIFeMpXKxa4dYeZIQqewQ=="
        },
        "is-extendable": {
            "version": "1.0.1",
            "resolved": "https://registry.npmjs.org/is-extendable/-/is-extendable-1.0.1.tgz",
            "integrity": "sha512-arnXMxT1hhoKo9k1LZdmlNyJdDDfy2v0fXjFlmok4+i8ul/6WlbVge9bhM74OpNPQPMGUToDtz+KXa1PneJxOA==",
            "requires": {
                "is-plain-object": "^2.0.4"
            }
        },
        "is-plain-obj": {
            "version": "1.1.0",
            "resolved": "https://registry.npmjs.org/is-plain-obj/-/is-plain-obj-1.1.0.tgz",
            "integrity": "sha1-caUMhCnfync8kqOQpKA7OfzVHT4="
        },
        "is-plain-object": {
            "version": "2.0.4",
            "resolved": "https://registry.npmjs.org/is-plain-object/-/is-plain-object-2.0.4.tgz",
            "integrity": "sha512-h5PpgXkWitc38BBMYawTYMWJHFZJVnBquFE57xFpjB8pJFiF6gZ+bU+WyI/yqXiFR5mdLsgYNaPe8uao6Uv9Og==",
            "requires": {
                "isobject": "^3.0.1"
            }
        },
        "is-utf8": {
            "version": "0.2.1",
            "resolved": "https://registry.npmjs.org/is-utf8/-/is-utf8-0.2.1.tgz",
            "integrity": "sha1-Sw2hRCEE0bM2NA6AeX6GXPOffXI="
        },
        "isarray": {
            "version": "1.0.0",
            "resolved": "https://registry.npmjs.org/isarray/-/isarray-1.0.0.tgz",
            "integrity": "sha1-u5NdSFgsuhaMBoNJV6VKPgcSTxE="
        },
        "isobject": {
            "version": "3.0.1",
            "resolved": "https://registry.npmjs.org/isobject/-/isobject-3.0.1.tgz",
            "integrity": "sha1-TkMekrEalzFjaqH5yNHMvP2reN8="
        },
        "modify-filename": {
            "version": "1.1.0",
            "resolved": "https://registry.npmjs.org/modify-filename/-/modify-filename-1.1.0.tgz",
            "integrity": "sha1-mi3sg4Bvuy2XXyK+7IWcoms5OqE="
        },
        "pify": {
            "version": "2.3.0",
            "resolved": "https://registry.npmjs.org/pify/-/pify-2.3.0.tgz",
            "integrity": "sha1-7RQaasBDqEnqWISY59yosVMw6Qw="
        },
        "plugin-error": {
            "version": "1.0.1",
            "resolved": "https://registry.npmjs.org/plugin-error/-/plugin-error-1.0.1.tgz",
            "integrity": "sha512-L1zP0dk7vGweZME2i+EeakvUNqSrdiI3F91TwEoYiGrAfUXmVv6fJIq4g82PAXxNsWOp0J7ZqQy/3Szz0ajTxA==",
            "requires": {
                "ansi-colors": "^1.0.1",
                "arr-diff": "^4.0.0",
                "arr-union": "^3.1.0",
                "extend-shallow": "^3.0.2"
            }
        },
        "process-nextick-args": {
            "version": "2.0.1",
            "resolved": "https://registry.npmjs.org/process-nextick-args/-/process-nextick-args-2.0.1.tgz",
            "integrity": "sha512-3ouUOpQhtgrbOa17J7+uxOTpITYWaGP7/AhoR3+A+/1e9skrzelGi/dXzEYyvbxubEF6Wn2ypscTKiKJFFn1ag=="
        },
        "readable-stream": {
            "version": "2.3.7",
            "resolved": "https://registry.npmjs.org/readable-stream/-/readable-stream-2.3.7.tgz",
            "integrity": "sha512-Ebho8K4jIbHAxnuxi7o42OrZgF/ZTNcsZj6nRKyUmkhLFq8CHItp/fy6hQZuZmP/n3yZ9VBUbp4zz/mX8hmYPw==",
            "requires": {
                "core-util-is": "~1.0.0",
                "inherits": "~2.0.3",
                "isarray": "~1.0.0",
                "process-nextick-args": "~2.0.0",
                "safe-buffer": "~5.1.1",
                "string_decoder": "~1.1.1",
                "util-deprecate": "~1.0.1"
            }
        },
        "remove-trailing-separator": {
            "version": "1.1.0",
            "resolved": "https://registry.npmjs.org/remove-trailing-separator/-/remove-trailing-separator-1.1.0.tgz",
            "integrity": "sha1-wkvOKig62tW8P1jg1IJJuSN52O8="
        },
        "replace-ext": {
            "version": "1.0.1",
            "resolved": "https://registry.npmjs.org/replace-ext/-/replace-ext-1.0.1.tgz",
            "integrity": "sha512-yD5BHCe7quCgBph4rMQ+0KkIRKwWCrHDOX1p1Gp6HwjPM5kVoCdKGNhN7ydqqsX6lJEnQDKZ/tFMiEdQ1dvPEw=="
        },
        "rev-hash": {
            "version": "2.0.0",
            "resolved": "https://registry.npmjs.org/rev-hash/-/rev-hash-2.0.0.tgz",
            "integrity": "sha1-dyCiNu0MJY3z5kvsA+wEiwW5JMQ="
        },
        "safe-buffer": {
            "version": "5.1.2",
            "resolved": "https://registry.npmjs.org/safe-buffer/-/safe-buffer-5.1.2.tgz",
            "integrity": "sha512-Gd2UZBJDkXlY7GbJxfsE8/nvKkUEU1G38c1siN6QP6a9PT9MmHB8GnpscSmMJSoF8LOIrt8ud/wPtojys4G6+g=="
        },
        "sort-keys": {
            "version": "2.0.0",
            "resolved": "https://registry.npmjs.org/sort-keys/-/sort-keys-2.0.0.tgz",
            "integrity": "sha1-ZYU1WEhh7JfXMNbPQYIuH1ZoQSg=",
            "requires": {
                "is-plain-obj": "^1.0.0"
            }
        },
        "string_decoder": {
            "version": "1.1.1",
            "resolved": "https://registry.npmjs.org/string_decoder/-/string_decoder-1.1.1.tgz",
            "integrity": "sha512-n/ShnvDi6FHbbVfviro+WojiFzv+s8MPMHBczVePfUpDJLwoLT0ht1l4YwBCbi8pJAveEEdnkHyPyTP/mzRfwg==",
            "requires": {
                "safe-buffer": "~5.1.0"
            }
        },
        "strip-bom": {
            "version": "2.0.0",
            "resolved": "https://registry.npmjs.org/strip-bom/-/strip-bom-2.0.0.tgz",
            "integrity": "sha1-YhmoVhZSBJHzV4i9vxRHqZx+aw4=",
            "requires": {
                "is-utf8": "^0.2.0"
            }
        },
        "strip-bom-buf": {
            "version": "1.0.0",
            "resolved": "https://registry.npmjs.org/strip-bom-buf/-/strip-bom-buf-1.0.0.tgz",
            "integrity": "sha1-HLRar1dTD0yvhsf3UXnSyaUd1XI=",
            "requires": {
                "is-utf8": "^0.2.1"
            }
        },
        "strip-bom-stream": {
            "version": "2.0.0",
            "resolved": "https://registry.npmjs.org/strip-bom-stream/-/strip-bom-stream-2.0.0.tgz",
            "integrity": "sha1-+H217yYT9paKpUWr/h7HKLaoKco=",
            "requires": {
                "first-chunk-stream": "^2.0.0",
                "strip-bom": "^2.0.0"
            }
        },
        "through2": {
            "version": "2.0.5",
            "resolved": "https://registry.npmjs.org/through2/-/through2-2.0.5.tgz",
            "integrity": "sha512-/mrRod8xqpA+IHSLyGCQ2s8SPHiCDEeQJSep1jqLYeEUClOFG2Qsh+4FU6G9VeqpZnGW/Su8LQGc4YKni5rYSQ==",
            "requires": {
                "readable-stream": "~2.3.6",
                "xtend": "~4.0.1"
            }
        },
        "underscore": {
            "version": "1.13.3",
            "resolved": "https://registry.npmjs.org/underscore/-/underscore-1.13.3.tgz",
            "integrity": "sha512-QvjkYpiD+dJJraRA8+dGAU4i7aBbb2s0S3jA45TFOvg2VgqvdCDd/3N6CqA8gluk1W91GLoXg5enMUx560QzuA=="
        },
        "util-deprecate": {
            "version": "1.0.2",
            "resolved": "https://registry.npmjs.org/util-deprecate/-/util-deprecate-1.0.2.tgz",
            "integrity": "sha1-RQ1Nyfpw3nMnYvvS1KKJgUGaDM8="
        },
        "vinyl": {
            "version": "2.2.1",
            "resolved": "https://registry.npmjs.org/vinyl/-/vinyl-2.2.1.tgz",
            "integrity": "sha512-LII3bXRFBZLlezoG5FfZVcXflZgWP/4dCwKtxd5ky9+LOtM4CS3bIRQsmR1KMnMW07jpE8fqR2lcxPZ+8sJIcw==",
            "requires": {
                "clone": "^2.1.1",
                "clone-buffer": "^1.0.0",
                "clone-stats": "^1.0.0",
                "cloneable-readable": "^1.0.0",
                "remove-trailing-separator": "^1.0.1",
                "replace-ext": "^1.0.0"
            }
        },
        "vinyl-file": {
            "version": "3.0.0",
            "resolved": "https://registry.npmjs.org/vinyl-file/-/vinyl-file-3.0.0.tgz",
            "integrity": "sha1-sQTZ5ECf+jJfqt1SBkLQo7SIs2U=",
            "requires": {
                "graceful-fs": "^4.1.2",
                "pify": "^2.3.0",
                "strip-bom-buf": "^1.0.0",
                "strip-bom-stream": "^2.0.0",
                "vinyl": "^2.0.1"
            }
        },
        "xtend": {
            "version": "4.0.2",
            "resolved": "https://registry.npmjs.org/xtend/-/xtend-4.0.2.tgz",
            "integrity": "sha512-LKYU1iAXJXUgAXn9URjiu+MWhyUXHsvfp7mcuYm9dSUKK0/CjtrUwFAxD82/mCWbtLsGjFIad0wIsod4zrTAEQ=="
        }
    }
}
